
Microsoft Visual Studio Solution File, Format Version 12.00
# Visual Studio Version 17
VisualStudioVersion = 17.2.32630.192
MinimumVisualStudioVersion = 10.0.40219.1
Project("{9A19103F-16F7-4668-BE54-9A1E7A4F7556}") = "Atata.HtmlValidation", "src\Atata.HtmlValidation\Atata.HtmlValidation.csproj", "{8138E732-7FBE-4495-AABD-C3A88F36351D}"
EndProject
Project("{2150E333-8FDC-42A3-9474-1A3956D46DE8}") = "Solution Items", "Solution Items", "{BD41DF04-CBD8-49AD-968A-D292C388D14F}"
	ProjectSection(SolutionItems) = preProject
		.editorconfig = .editorconfig
		.gitignore = .gitignore
		azure-pipelines.release.yml = azure-pipelines.release.yml
		azure-pipelines.runsettings = azure-pipelines.runsettings
		azure-pipelines.yml = azure-pipelines.yml
		CHANGELOG.md = CHANGELOG.md
		CODE_OF_CONDUCT.md = CODE_OF_CONDUCT.md
		CONTRIBUTING.md = CONTRIBUTING.md
		Directory.Build.props = Directory.Build.props
		Directory.Build.targets = Directory.Build.targets
		LICENSE = LICENSE
		README.md = README.md
	EndProjectSection
EndProject
Project("{9A19103F-16F7-4668-BE54-9A1E7A4F7556}") = "Atata.HtmlValidation.IntegrationTests", "test\Atata.HtmlValidation.IntegrationTests\Atata.HtmlValidation.IntegrationTests.csproj", "{52634780-CA08-4C0D-B7C9-143A4BB30D33}"
EndProject
Global
	GlobalSection(SolutionConfigurationPlatforms) = preSolution
		Debug|Any CPU = Debug|Any CPU
		Release|Any CPU = Release|Any CPU
	EndGlobalSection
	GlobalSection(ProjectConfigurationPlatforms) = postSolution
		{8138E732-7FBE-4495-AABD-C3A88F36351D}.Debug|Any CPU.ActiveCfg = Debug|Any CPU
		{8138E732-7FBE-4495-AABD-C3A88F36351D}.Debug|Any CPU.Build.0 = Debug|Any CPU
		{8138E732-7FBE-4495-AABD-C3A88F36351D}.Release|Any CPU.ActiveCfg = Release|Any CPU
		{8138E732-7FBE-4495-AABD-C3A88F36351D}.Release|Any CPU.Build.0 = Release|Any CPU
		{52634780-CA08-4C0D-B7C9-143A4BB30D33}.Debug|Any CPU.ActiveCfg = Debug|Any CPU
		{52634780-CA08-4C0D-B7C9-143A4BB30D33}.Debug|Any CPU.Build.0 = Debug|Any CPU
		{52634780-CA08-4C0D-B7C9-143A4BB30D33}.Release|Any CPU.ActiveCfg = Release|Any CPU
		{52634780-CA08-4C0D-B7C9-143A4BB30D33}.Release|Any CPU.Build.0 = Release|Any CPU
	EndGlobalSection
	GlobalSection(SolutionProperties) = preSolution
		HideSolutionNode = FALSE
	EndGlobalSection
	GlobalSection(ExtensibilityGlobals) = postSolution
		SolutionGuid = {E6FBDB21-3D0C-4838-BC85-0059289EFE08}
	EndGlobalSection
EndGlobal
